
Microsoft Visual Studio Solution File, Format Version 12.00
Project("{FAE04EC0-301F-11D3-BF4B-00C04F79EFBC}") = "Stackjudge Identity Server", "Stackjudge Identity Server\Stackjudge Identity Server.csproj", "{84EDEE5B-81A9-44C8-AC93-4EEC391802FF}"
EndProject
Global
	GlobalSection(SolutionConfigurationPlatforms) = preSolution
		Debug|Any CPU = Debug|Any CPU
		Release|Any CPU = Release|Any CPU
	EndGlobalSection
	GlobalSection(ProjectConfigurationPlatforms) = postSolution
		{84EDEE5B-81A9-44C8-AC93-4EEC391802FF}.Debug|Any CPU.ActiveCfg = Debug|Any CPU
		{84EDEE5B-81A9-44C8-AC93-4EEC391802FF}.Debug|Any CPU.Build.0 = Debug|Any CPU
		{84EDEE5B-81A9-44C8-AC93-4EEC391802FF}.Release|Any CPU.ActiveCfg = Release|Any CPU
		{84EDEE5B-81A9-44C8-AC93-4EEC391802FF}.Release|Any CPU.Build.0 = Release|Any CPU
	EndGlobalSection
EndGlobal
